// !$*UTF8*$!
{
	archiveVersion = 1;
	classes = {
	};
	objectVersion = 46;
	objects = {

/* Begin PBXBuildFile section */
		9327430D18CBC0F20018BA0B /* Foundation.framework in Frameworks */ = {isa = PBXBuildFile; fileRef = 9327430C18CBC0F20018BA0B /* Foundation.framework */; };
		9327430F18CBC0F20018BA0B /* CoreGraphics.framework in Frameworks */ = {isa = PBXBuildFile; fileRef = 9327430E18CBC0F20018BA0B /* CoreGraphics.framework */; };
		9327431118CBC0F20018BA0B /* UIKit.framework in Frameworks */ = {isa = PBXBuildFile; fileRef = 9327431018CBC0F20018BA0B /* UIKit.framework */; };
		9327431318CBC0F20018BA0B /* SpriteKit.framework in Frameworks */ = {isa = PBXBuildFile; fileRef = 9327431218CBC0F20018BA0B /* SpriteKit.framework */; };
		9327431918CBC0F20018BA0B /* InfoPlist.strings in Resources */ = {isa = PBXBuildFile; fileRef = 9327431718CBC0F20018BA0B /* InfoPlist.strings */; };
		9327431B18CBC0F20018BA0B /* main.m in Sources */ = {isa = PBXBuildFile; fileRef = 9327431A18CBC0F20018BA0B /* main.m */; };
		9327431F18CBC0F20018BA0B /* AppDelegate.m in Sources */ = {isa = PBXBuildFile; fileRef = 9327431E18CBC0F20018BA0B /* AppDelegate.m */; };
		9327432218CBC0F20018BA0B /* Main.storyboard in Resources */ = {isa = PBXBuildFile; fileRef = 9327432018CBC0F20018BA0B /* Main.storyboard */; };
		9327432518CBC0F20018BA0B /* ViewController.m in Sources */ = {isa = PBXBuildFile; fileRef = 9327432418CBC0F20018BA0B /* ViewController.m */; };
		9327432818CBC0F20018BA0B /* MyScene.m in Sources */ = {isa = PBXBuildFile; fileRef = 9327432718CBC0F20018BA0B /* MyScene.m */; };
		9327432A18CBC0F20018BA0B /* Spaceship.png in Resources */ = {isa = PBXBuildFile; fileRef = 9327432918CBC0F20018BA0B /* Spaceship.png */; };
		9327432C18CBC0F20018BA0B /* Images.xcassets in Resources */ = {isa = PBXBuildFile; fileRef = 9327432B18CBC0F20018BA0B /* Images.xcassets */; };
		9327433318CBC0F20018BA0B /* XCTest.framework in Frameworks */ = {isa = PBXBuildFile; fileRef = 9327433218CBC0F20018BA0B /* XCTest.framework */; };
		9327433418CBC0F20018BA0B /* Foundation.framework in Frameworks */ = {isa = PBXBuildFile; fileRef = 9327430C18CBC0F20018BA0B /* Foundation.framework */; };
		9327433518CBC0F20018BA0B /* UIKit.framework in Frameworks */ = {isa = PBXBuildFile; fileRef = 9327431018CBC0F20018BA0B /* UIKit.framework */; };
		9327433D18CBC0F20018BA0B /* InfoPlist.strings in Resources */ = {isa = PBXBuildFile; fileRef = 9327433B18CBC0F20018BA0B /* InfoPlist.strings */; };
		9327433F18CBC0F20018BA0B /* ZombieCongaTests.m in Sources */ = {isa = PBXBuildFile; fileRef = 9327433E18CBC0F20018BA0B /* ZombieCongaTests.m */; };
		9327435818CBD3AB0018BA0B /* Icon-120.png in Resources */ = {isa = PBXBuildFile; fileRef = 9327434A18CBD3AB0018BA0B /* Icon-120.png */; };
		9327435918CBD3AB0018BA0B /* Icon-144.png in Resources */ = {isa = PBXBuildFile; fileRef = 9327434B18CBD3AB0018BA0B /* Icon-144.png */; };
		9327435A18CBD3AB0018BA0B /* Icon-29.png in Resources */ = {isa = PBXBuildFile; fileRef = 9327434C18CBD3AB0018BA0B /* Icon-29.png */; };
		9327435B18CBD3AB0018BA0B /* Icon-58.png in Resources */ = {isa = PBXBuildFile; fileRef = 9327434D18CBD3AB0018BA0B /* Icon-58.png */; };
		9327435C18CBD3AB0018BA0B /* Icon-72.png in Resources */ = {isa = PBXBuildFile; fileRef = 9327434E18CBD3AB0018BA0B /* Icon-72.png */; };
		9327435D18CBD3AB0018BA0B /* Icon-80.png in Resources */ = {isa = PBXBuildFile; fileRef = 9327434F18CBD3AB0018BA0B /* Icon-80.png */; };
		9327435E18CBD3AB0018BA0B /* Icon-Small-50.png in Resources */ = {isa = PBXBuildFile; fileRef = 9327435018CBD3AB0018BA0B /* Icon-Small-50.png */; };
		9327435F18CBD3AB0018BA0B /* Icon-Small-50@2x.png in Resources */ = {isa = PBXBuildFile; fileRef = 9327435118CBD3AB0018BA0B /* Icon-Small-50@2x.png */; };
		9327436018CBD3AB0018BA0B /* Icon-Small.png in Resources */ = {isa = PBXBuildFile; fileRef = 9327435218CBD3AB0018BA0B /* Icon-Small.png */; };
		9327436118CBD3AB0018BA0B /* Icon-Small@2x.png in Resources */ = {isa = PBXBuildFile; fileRef = 9327435318CBD3AB0018BA0B /* Icon-Small@2x.png */; };
		9327436218CBD3AB0018BA0B /* Icon.png in Resources */ = {isa = PBXBuildFile; fileRef = 9327435418CBD3AB0018BA0B /* Icon.png */; };
		9327436318CBD3AB0018BA0B /* Icon@2x.png in Resources */ = {isa = PBXBuildFile; fileRef = 9327435518CBD3AB0018BA0B /* Icon@2x.png */; };
		9327436418CBD3AB0018BA0B /* iTunesArtwork.png in Resources */ = {isa = PBXBuildFile; fileRef = 9327435618CBD3AB0018BA0B /* iTunesArtwork.png */; };
		9327436518CBD3AB0018BA0B /* iTunesArtwork@2x.png in Resources */ = {isa = PBXBuildFile; fileRef = 9327435718CBD3AB0018BA0B /* iTunesArtwork@2x.png */; };
/* End PBXBuildFile section */

/* Begin PBXContainerItemProxy section */
		9327433618CBC0F20018BA0B /* PBXContainerItemProxy */ = {
			isa = PBXContainerItemProxy;
			containerPortal = 9327430118CBC0F20018BA0B /* Project object */;
			proxyType = 1;
			remoteGlobalIDString = 9327430818CBC0F20018BA0B;
			remoteInfo = ZombieConga;
		};
/* End PBXContainerItemProxy section */

/* Begin PBXFileReference section */
		9327430918CBC0F20018BA0B /* ZombieConga.app */ = {isa = PBXFileReference; explicitFileType = wrapper.application; includeInIndex = 0; path = ZombieConga.app; sourceTree = BUILT_PRODUCTS_DIR; };
		9327430C18CBC0F20018BA0B /* Foundation.framework */ = {isa = PBXFileReference; lastKnownFileType = wrapper.framework; name = Foundation.framework; path = System/Library/Frameworks/Foundation.framework; sourceTree = SDKROOT; };
		9327430E18CBC0F20018BA0B /* CoreGraphics.framework */ = {isa = PBXFileReference; lastKnownFileType = wrapper.framework; name = CoreGraphics.framework; path = System/Library/Frameworks/CoreGraphics.framework; sourceTree = SDKROOT; };
		9327431018CBC0F20018BA0B /* UIKit.framework */ = {isa = PBXFileReference; lastKnownFileType = wrapper.framework; name = UIKit.framework; path = System/Library/Frameworks/UIKit.framework; sourceTree = SDKROOT; };
		9327431218CBC0F20018BA0B /* SpriteKit.framework */ = {isa = PBXFileReference; lastKnownFileType = wrapper.framework; name = SpriteKit.framework; path = System/Library/Frameworks/SpriteKit.framework; sourceTree = SDKROOT; };
		9327431618CBC0F20018BA0B /* ZombieConga-Info.plist */ = {isa = PBXFileReference; lastKnownFileType = text.plist.xml; path = "ZombieConga-Info.plist"; sourceTree = "<group>"; };
		9327431818CBC0F20018BA0B /* en */ = {isa = PBXFileReference; lastKnownFileType = text.plist.strings; name = en; path = en.lproj/InfoPlist.strings; sourceTree = "<group>"; };
		9327431A18CBC0F20018BA0B /* main.m */ = {isa = PBXFileReference; lastKnownFileType = sourcecode.c.objc; path = main.m; sourceTree = "<group>"; };
		9327431C18CBC0F20018BA0B /* ZombieConga-Prefix.pch */ = {isa = PBXFileReference; lastKnownFileType = sourcecode.c.h; path = "ZombieConga-Prefix.pch"; sourceTree = "<group>"; };
		9327431D18CBC0F20018BA0B /* AppDelegate.h */ = {isa = PBXFileReference; lastKnownFileType = sourcecode.c.h; path = AppDelegate.h; sourceTree = "<group>"; };
		9327431E18CBC0F20018BA0B /* AppDelegate.m */ = {isa = PBXFileReference; lastKnownFileType = sourcecode.c.objc; path = AppDelegate.m; sourceTree = "<group>"; };
		9327432118CBC0F20018BA0B /* Base */ = {isa = PBXFileReference; lastKnownFileType = file.storyboard; name = Base; path = Base.lproj/Main.storyboard; sourceTree = "<group>"; };
		9327432318CBC0F20018BA0B /* ViewController.h */ = {isa = PBXFileReference; lastKnownFileType = sourcecode.c.h; path = ViewController.h; sourceTree = "<group>"; };
		9327432418CBC0F20018BA0B /* ViewController.m */ = {isa = PBXFileReference; lastKnownFileType = sourcecode.c.objc; path = ViewController.m; sourceTree = "<group>"; };
		9327432618CBC0F20018BA0B /* MyScene.h */ = {isa = PBXFileReference; lastKnownFileType = sourcecode.c.h; path = MyScene.h; sourceTree = "<group>"; };
		9327432718CBC0F20018BA0B /* MyScene.m */ = {isa = PBXFileReference; lastKnownFileType = sourcecode.c.objc; path = MyScene.m; sourceTree = "<group>"; };
		9327432918CBC0F20018BA0B /* Spaceship.png */ = {isa = PBXFileReference; lastKnownFileType = image.png; path = Spaceship.png; sourceTree = "<group>"; };
		9327432B18CBC0F20018BA0B /* Images.xcassets */ = {isa = PBXFileReference; lastKnownFileType = folder.assetcatalog; path = Images.xcassets; sourceTree = "<group>"; };
		9327433118CBC0F20018BA0B /* ZombieCongaTests.xctest */ = {isa = PBXFileReference; explicitFileType = wrapper.cfbundle; includeInIndex = 0; path = ZombieCongaTests.xctest; sourceTree = BUILT_PRODUCTS_DIR; };
		9327433218CBC0F20018BA0B /* XCTest.framework */ = {isa = PBXFileReference; lastKnownFileType = wrapper.framework; name = XCTest.framework; path = Library/Frameworks/XCTest.framework; sourceTree = DEVELOPER_DIR; };
		9327433A18CBC0F20018BA0B /* ZombieCongaTests-Info.plist */ = {isa = PBXFileReference; lastKnownFileType = text.plist.xml; path = "ZombieCongaTests-Info.plist"; sourceTree = "<group>"; };
		9327433C18CBC0F20018BA0B /* en */ = {isa = PBXFileReference; lastKnownFileType = text.plist.strings; name = en; path = en.lproj/InfoPlist.strings; sourceTree = "<group>"; };
		9327433E18CBC0F20018BA0B /* ZombieCongaTests.m */ = {isa = PBXFileReference; lastKnownFileType = sourcecode.c.objc; path = ZombieCongaTests.m; sourceTree = "<group>"; };
		9327434A18CBD3AB0018BA0B /* Icon-120.png */ = {isa = PBXFileReference; lastKnownFileType = image.png; path = "Icon-120.png"; sourceTree = "<group>"; };
		9327434B18CBD3AB0018BA0B /* Icon-144.png */ = {isa = PBXFileReference; lastKnownFileType = image.png; path = "Icon-144.png"; sourceTree = "<group>"; };
		9327434C18CBD3AB0018BA0B /* Icon-29.png */ = {isa = PBXFileReference; lastKnownFileType = image.png; path = "Icon-29.png"; sourceTree = "<group>"; };
		9327434D18CBD3AB0018BA0B /* Icon-58.png */ = {isa = PBXFileReference; lastKnownFileType = image.png; path = "Icon-58.png"; sourceTree = "<group>"; };
		9327434E18CBD3AB0018BA0B /* Icon-72.png */ = {isa = PBXFileReference; lastKnownFileType = image.png; path = "Icon-72.png"; sourceTree = "<group>"; };
		9327434F18CBD3AB0018BA0B /* Icon-80.png */ = {isa = PBXFileReference; lastKnownFileType = image.png; path = "Icon-80.png"; sourceTree = "<group>"; };
		9327435018CBD3AB0018BA0B /* Icon-Small-50.png */ = {isa = PBXFileReference; lastKnownFileType = image.png; path = "Icon-Small-50.png"; sourceTree = "<group>"; };
		9327435118CBD3AB0018BA0B /* Icon-Small-50@2x.png */ = {isa = PBXFileReference; lastKnownFileType = image.png; path = "Icon-Small-50@2x.png"; sourceTree = "<group>"; };
		9327435218CBD3AB0018BA0B /* Icon-Small.png */ = {isa = PBXFileReference; lastKnownFileType = image.png; path = "Icon-Small.png"; sourceTree = "<group>"; };
		9327435318CBD3AB0018BA0B /* Icon-Small@2x.png */ = {isa = PBXFileReference; lastKnownFileType = image.png; path = "Icon-Small@2x.png"; sourceTree = "<group>"; };
		9327435418CBD3AB0018BA0B /* Icon.png */ = {isa = PBXFileReference; lastKnownFileType = image.png; path = Icon.png; sourceTree = "<group>"; };
		9327435518CBD3AB0018BA0B /* Icon@2x.png */ = {isa = PBXFileReference; lastKnownFileType = image.png; path = "Icon@2x.png"; sourceTree = "<group>"; };
		9327435618CBD3AB0018BA0B /* iTunesArtwork.png */ = {isa = PBXFileReference; lastKnownFileType = image.png; path = iTunesArtwork.png; sourceTree = "<group>"; };
		9327435718CBD3AB0018BA0B /* iTunesArtwork@2x.png */ = {isa = PBXFileReference; lastKnownFileType = image.png; path = "iTunesArtwork@2x.png"; sourceTree = "<group>"; };
/* End PBXFileReference section */

/* Begin PBXFrameworksBuildPhase section */
		9327430618CBC0F20018BA0B /* Frameworks */ = {
			isa = PBXFrameworksBuildPhase;
			buildActionMask = 2147483647;
			files = (
				9327430F18CBC0F20018BA0B /* CoreGraphics.framework in Frameworks */,
				9327431118CBC0F20018BA0B /* UIKit.framework in Frameworks */,
				9327431318CBC0F20018BA0B /* SpriteKit.framework in Frameworks */,
				9327430D18CBC0F20018BA0B /* Foundation.framework in Frameworks */,
			);
			runOnlyForDeploymentPostprocessing = 0;
		};
		9327432E18CBC0F20018BA0B /* Frameworks */ = {
			isa = PBXFrameworksBuildPhase;
			buildActionMask = 2147483647;
			files = (
				9327433318CBC0F20018BA0B /* XCTest.framework in Frameworks */,
				9327433518CBC0F20018BA0B /* UIKit.framework in Frameworks */,
				9327433418CBC0F20018BA0B /* Foundation.framework in Frameworks */,
			);
			runOnlyForDeploymentPostprocessing = 0;
		};
/* End PBXFrameworksBuildPhase section */

/* Begin PBXGroup section */
		9327430018CBC0F10018BA0B = {
			isa = PBXGroup;
			children = (
				9327431418CBC0F20018BA0B /* ZombieConga */,
				9327433818CBC0F20018BA0B /* ZombieCongaTests */,
				9327430B18CBC0F20018BA0B /* Frameworks */,
				9327430A18CBC0F20018BA0B /* Products */,
			);
			sourceTree = "<group>";
		};
		9327430A18CBC0F20018BA0B /* Products */ = {
			isa = PBXGroup;
			children = (
				9327430918CBC0F20018BA0B /* ZombieConga.app */,
				9327433118CBC0F20018BA0B /* ZombieCongaTests.xctest */,
			);
			name = Products;
			sourceTree = "<group>";
		};
		9327430B18CBC0F20018BA0B /* Frameworks */ = {
			isa = PBXGroup;
			children = (
				9327430C18CBC0F20018BA0B /* Foundation.framework */,
				9327430E18CBC0F20018BA0B /* CoreGraphics.framework */,
				9327431018CBC0F20018BA0B /* UIKit.framework */,
				9327431218CBC0F20018BA0B /* SpriteKit.framework */,
				9327433218CBC0F20018BA0B /* XCTest.framework */,
			);
			name = Frameworks;
			sourceTree = "<group>";
		};
		9327431418CBC0F20018BA0B /* ZombieConga */ = {
			isa = PBXGroup;
			children = (
				9327431D18CBC0F20018BA0B /* AppDelegate.h */,
				9327431E18CBC0F20018BA0B /* AppDelegate.m */,
				9327432018CBC0F20018BA0B /* Main.storyboard */,
				9327432318CBC0F20018BA0B /* ViewController.h */,
				9327432418CBC0F20018BA0B /* ViewController.m */,
				9327432618CBC0F20018BA0B /* MyScene.h */,
				9327432718CBC0F20018BA0B /* MyScene.m */,
				9327432918CBC0F20018BA0B /* Spaceship.png */,
				9327432B18CBC0F20018BA0B /* Images.xcassets */,
				9327431518CBC0F20018BA0B /* Supporting Files */,
			);
			path = ZombieConga;
			sourceTree = "<group>";
		};
		9327431518CBC0F20018BA0B /* Supporting Files */ = {
			isa = PBXGroup;
			children = (
				9327434818CBD39E0018BA0B /* images */,
				9327431618CBC0F20018BA0B /* ZombieConga-Info.plist */,
				9327431718CBC0F20018BA0B /* InfoPlist.strings */,
				9327431A18CBC0F20018BA0B /* main.m */,
				9327431C18CBC0F20018BA0B /* ZombieConga-Prefix.pch */,
			);
			name = "Supporting Files";
			sourceTree = "<group>";
		};
		9327433818CBC0F20018BA0B /* ZombieCongaTests */ = {
			isa = PBXGroup;
			children = (
				9327433E18CBC0F20018BA0B /* ZombieCongaTests.m */,
				9327433918CBC0F20018BA0B /* Supporting Files */,
			);
			path = ZombieCongaTests;
			sourceTree = "<group>";
		};
		9327433918CBC0F20018BA0B /* Supporting Files */ = {
			isa = PBXGroup;
			children = (
				9327433A18CBC0F20018BA0B /* ZombieCongaTests-Info.plist */,
				9327433B18CBC0F20018BA0B /* InfoPlist.strings */,
			);
			name = "Supporting Files";
			sourceTree = "<group>";
		};
		9327434818CBD39E0018BA0B /* images */ = {
			isa = PBXGroup;
			children = (
				9327434918CBD3AB0018BA0B /* App Icon */,
			);
			name = images;
			sourceTree = "<group>";
		};
		9327434918CBD3AB0018BA0B /* App Icon */ = {
			isa = PBXGroup;
			children = (
				9327434A18CBD3AB0018BA0B /* Icon-120.png */,
				9327434B18CBD3AB0018BA0B /* Icon-144.png */,
				9327434C18CBD3AB0018BA0B /* Icon-29.png */,
				9327434D18CBD3AB0018BA0B /* Icon-58.png */,
				9327434E18CBD3AB0018BA0B /* Icon-72.png */,
				9327434F18CBD3AB0018BA0B /* Icon-80.png */,
				9327435018CBD3AB0018BA0B /* Icon-Small-50.png */,
				9327435118CBD3AB0018BA0B /* Icon-Small-50@2x.png */,
				9327435218CBD3AB0018BA0B /* Icon-Small.png */,
				9327435318CBD3AB0018BA0B /* Icon-Small@2x.png */,
				9327435418CBD3AB0018BA0B /* Icon.png */,
				9327435518CBD3AB0018BA0B /* Icon@2x.png */,
				9327435618CBD3AB0018BA0B /* iTunesArtwork.png */,
				9327435718CBD3AB0018BA0B /* iTunesArtwork@2x.png */,
			);
			path = "App Icon";
			sourceTree = "<group>";
		};
/* End PBXGroup section */

/* Begin PBXNativeTarget section */
		9327430818CBC0F20018BA0B /* ZombieConga */ = {
			isa = PBXNativeTarget;
			buildConfigurationList = 9327434218CBC0F20018BA0B /* Build configuration list for PBXNativeTarget "ZombieConga" */;
			buildPhases = (
				9327430518CBC0F20018BA0B /* Sources */,
				9327430618CBC0F20018BA0B /* Frameworks */,
				9327430718CBC0F20018BA0B /* Resources */,
			);
			buildRules = (
			);
			dependencies = (
			);
			name = ZombieConga;
			productName = ZombieConga;
			productReference = 9327430918CBC0F20018BA0B /* ZombieConga.app */;
			productType = "com.apple.product-type.application";
		};
		9327433018CBC0F20018BA0B /* ZombieCongaTests */ = {
			isa = PBXNativeTarget;
			buildConfigurationList = 9327434518CBC0F20018BA0B /* Build configuration list for PBXNativeTarget "ZombieCongaTests" */;
			buildPhases = (
				9327432D18CBC0F20018BA0B /* Sources */,
				9327432E18CBC0F20018BA0B /* Frameworks */,
				9327432F18CBC0F20018BA0B /* Resources */,
			);
			buildRules = (
			);
			dependencies = (
				9327433718CBC0F20018BA0B /* PBXTargetDependency */,
			);
			name = ZombieCongaTests;
			productName = ZombieCongaTests;
			productReference = 9327433118CBC0F20018BA0B /* ZombieCongaTests.xctest */;
			productType = "com.apple.product-type.bundle.unit-test";
		};
/* End PBXNativeTarget section */

/* Begin PBXProject section */
		9327430118CBC0F20018BA0B /* Project object */ = {
			isa = PBXProject;
			attributes = {
				LastUpgradeCheck = 0500;
				ORGANIZATIONNAME = "Spud Cannon LLC";
				TargetAttributes = {
					9327433018CBC0F20018BA0B = {
						TestTargetID = 9327430818CBC0F20018BA0B;
					};
				};
			};
			buildConfigurationList = 9327430418CBC0F20018BA0B /* Build configuration list for PBXProject "ZombieConga" */;
			compatibilityVersion = "Xcode 3.2";
			developmentRegion = English;
			hasScannedForEncodings = 0;
			knownRegions = (
				en,
				Base,
			);
			mainGroup = 9327430018CBC0F10018BA0B;
			productRefGroup = 9327430A18CBC0F20018BA0B /* Products */;
			projectDirPath = "";
			projectRoot = "";
			targets = (
				9327430818CBC0F20018BA0B /* ZombieConga */,
				9327433018CBC0F20018BA0B /* ZombieCongaTests */,
			);
		};
/* End PBXProject section */

/* Begin PBXResourcesBuildPhase section */
		9327430718CBC0F20018BA0B /* Resources */ = {
			isa = PBXResourcesBuildPhase;
			buildActionMask = 2147483647;
			files = (
				9327435A18CBD3AB0018BA0B /* Icon-29.png in Resources */,
				9327436418CBD3AB0018BA0B /* iTunesArtwork.png in Resources */,
				9327436318CBD3AB0018BA0B /* Icon@2x.png in Resources */,
				9327435B18CBD3AB0018BA0B /* Icon-58.png in Resources */,
				9327435E18CBD3AB0018BA0B /* Icon-Small-50.png in Resources */,
				9327436018CBD3AB0018BA0B /* Icon-Small.png in Resources */,
				9327435C18CBD3AB0018BA0B /* Icon-72.png in Resources */,
				9327431918CBC0F20018BA0B /* InfoPlist.strings in Resources */,
				9327432C18CBC0F20018BA0B /* Images.xcassets in Resources */,
				9327435F18CBD3AB0018BA0B /* Icon-Small-50@2x.png in Resources */,
				9327432A18CBC0F20018BA0B /* Spaceship.png in Resources */,
				9327435D18CBD3AB0018BA0B /* Icon-80.png in Resources */,
				9327435818CBD3AB0018BA0B /* Icon-120.png in Resources */,
				9327436518CBD3AB0018BA0B /* iTunesArtwork@2x.png in Resources */,
				9327435918CBD3AB0018BA0B /* Icon-144.png in Resources */,
				9327436218CBD3AB0018BA0B /* Icon.png in Resources */,
				9327432218CBC0F20018BA0B /* Main.storyboard in Resources */,
				9327436118CBD3AB0018BA0B /* Icon-Small@2x.png in Resources */,
			);
			runOnlyForDeploymentPostprocessing = 0;
		};
		9327432F18CBC0F20018BA0B /* Resources */ = {
			isa = PBXResourcesBuildPhase;
			buildActionMask = 2147483647;
			files = (
				9327433D18CBC0F20018BA0B /* InfoPlist.strings in Resources */,
			);
			runOnlyForDeploymentPostprocessing = 0;
		};
/* End PBXResourcesBuildPhase section */

/* Begin PBXSourcesBuildPhase section */
		9327430518CBC0F20018BA0B /* Sources */ = {
			isa = PBXSourcesBuildPhase;
			buildActionMask = 2147483647;
			files = (
				9327432818CBC0F20018BA0B /* MyScene.m in Sources */,
				9327432518CBC0F20018BA0B /* ViewController.m in Sources */,
				9327431F18CBC0F20018BA0B /* AppDelegate.m in Sources */,
				9327431B18CBC0F20018BA0B /* main.m in Sources */,
			);
			runOnlyForDeploymentPostprocessing = 0;
		};
		9327432D18CBC0F20018BA0B /* Sources */ = {
			isa = PBXSourcesBuildPhase;
			buildActionMask = 2147483647;
			files = (
				9327433F18CBC0F20018BA0B /* ZombieCongaTests.m in Sources */,
			);
			runOnlyForDeploymentPostprocessing = 0;
		};
/* End PBXSourcesBuildPhase section */

/* Begin PBXTargetDependency section */
		9327433718CBC0F20018BA0B /* PBXTargetDependency */ = {
			isa = PBXTargetDependency;
			target = 9327430818CBC0F20018BA0B /* ZombieConga */;
			targetProxy = 9327433618CBC0F20018BA0B /* PBXContainerItemProxy */;
		};
/* End PBXTargetDependency section */

/* Begin PBXVariantGroup section */
		9327431718CBC0F20018BA0B /* InfoPlist.strings */ = {
			isa = PBXVariantGroup;
			children = (
				9327431818CBC0F20018BA0B /* en */,
			);
			name = InfoPlist.strings;
			sourceTree = "<group>";
		};
		9327432018CBC0F20018BA0B /* Main.storyboard */ = {
			isa = PBXVariantGroup;
			children = (
				9327432118CBC0F20018BA0B /* Base */,
			);
			name = Main.storyboard;
			sourceTree = "<group>";
		};
		9327433B18CBC0F20018BA0B /* InfoPlist.strings */ = {
			isa = PBXVariantGroup;
			children = (
				9327433C18CBC0F20018BA0B /* en */,
			);
			name = InfoPlist.strings;
			sourceTree = "<group>";
		};
/* End PBXVariantGroup section */

/* Begin XCBuildConfiguration section */
		9327434018CBC0F20018BA0B /* Debug */ = {
			isa = XCBuildConfiguration;
			buildSettings = {
				ALWAYS_SEARCH_USER_PATHS = NO;
				ARCHS = "$(ARCHS_STANDARD_INCLUDING_64_BIT)";
				CLANG_CXX_LANGUAGE_STANDARD = "gnu++0x";
				CLANG_CXX_LIBRARY = "libc++";
				CLANG_ENABLE_MODULES = YES;
				CLANG_ENABLE_OBJC_ARC = YES;
				CLANG_WARN_BOOL_CONVERSION = YES;
				CLANG_WARN_CONSTANT_CONVERSION = YES;
				CLANG_WARN_DIRECT_OBJC_ISA_USAGE = YES_ERROR;
				CLANG_WARN_EMPTY_BODY = YES;
				CLANG_WARN_ENUM_CONVERSION = YES;
				CLANG_WARN_INT_CONVERSION = YES;
				CLANG_WARN_OBJC_ROOT_CLASS = YES_ERROR;
				CLANG_WARN__DUPLICATE_METHOD_MATCH = YES;
				"CODE_SIGN_IDENTITY[sdk=iphoneos*]" = "iPhone Developer";
				COPY_PHASE_STRIP = NO;
				GCC_C_LANGUAGE_STANDARD = gnu99;
				GCC_DYNAMIC_NO_PIC = NO;
				GCC_OPTIMIZATION_LEVEL = 0;
				GCC_PREPROCESSOR_DEFINITIONS = (
					"DEBUG=1",
					"$(inherited)",
				);
				GCC_SYMBOLS_PRIVATE_EXTERN = NO;
				GCC_WARN_64_TO_32_BIT_CONVERSION = YES;
				GCC_WARN_ABOUT_RETURN_TYPE = YES_ERROR;
				GCC_WARN_UNDECLARED_SELECTOR = YES;
				GCC_WARN_UNINITIALIZED_AUTOS = YES;
				GCC_WARN_UNUSED_FUNCTION = YES;
				GCC_WARN_UNUSED_VARIABLE = YES;
				IPHONEOS_DEPLOYMENT_TARGET = 7.0;
				ONLY_ACTIVE_ARCH = YES;
				SDKROOT = iphoneos;
			};
			name = Debug;
		};
		9327434118CBC0F20018BA0B /* Release */ = {
			isa = XCBuildConfiguration;
			buildSettings = {
				ALWAYS_SEARCH_USER_PATHS = NO;
				ARCHS = "$(ARCHS_STANDARD_INCLUDING_64_BIT)";
				CLANG_CXX_LANGUAGE_STANDARD = "gnu++0x";
				CLANG_CXX_LIBRARY = "libc++";
				CLANG_ENABLE_MODULES = YES;
				CLANG_ENABLE_OBJC_ARC = YES;
				CLANG_WARN_BOOL_CONVERSION = YES;
				CLANG_WARN_CONSTANT_CONVERSION = YES;
				CLANG_WARN_DIRECT_OBJC_ISA_USAGE = YES_ERROR;
				CLANG_WARN_EMPTY_BODY = YES;
				CLANG_WARN_ENUM_CONVERSION = YES;
				CLANG_WARN_INT_CONVERSION = YES;
				CLANG_WARN_OBJC_ROOT_CLASS = YES_ERROR;
				CLANG_WARN__DUPLICATE_METHOD_MATCH = YES;
				"CODE_SIGN_IDENTITY[sdk=iphoneos*]" = "iPhone Developer";
				COPY_PHASE_STRIP = YES;
				ENABLE_NS_ASSERTIONS = NO;
				GCC_C_LANGUAGE_STANDARD = gnu99;
				GCC_WARN_64_TO_32_BIT_CONVERSION = YES;
				GCC_WARN_ABOUT_RETURN_TYPE = YES_ERROR;
				GCC_WARN_UNDECLARED_SELECTOR = YES;
				GCC_WARN_UNINITIALIZED_AUTOS = YES;
				GCC_WARN_UNUSED_FUNCTION = YES;
				GCC_WARN_UNUSED_VARIABLE = YES;
				IPHONEOS_DEPLOYMENT_TARGET = 7.0;
				SDKROOT = iphoneos;
				VALIDATE_PRODUCT = YES;
			};
			name = Release;
		};
		9327434318CBC0F20018BA0B /* Debug */ = {
			isa = XCBuildConfiguration;
			buildSettings = {
				ASSETCATALOG_COMPILER_APPICON_NAME = AppIcon;
				ASSETCATALOG_COMPILER_LAUNCHIMAGE_NAME = LaunchImage;
				GCC_PRECOMPILE_PREFIX_HEADER = YES;
				GCC_PREFIX_HEADER = "ZombieConga/ZombieConga-Prefix.pch";
				INFOPLIST_FILE = "ZombieConga/ZombieConga-Info.plist";
				PRODUCT_NAME = "$(TARGET_NAME)";
				SPRITEKIT_TEXTURE_ATLAS_OUTPUT = YES;
				WRAPPER_EXTENSION = app;
			};
			name = Debug;
		};
		9327434418CBC0F20018BA0B /* Release */ = {
			isa = XCBuildConfiguration;
			buildSettings = {
				ASSETCATALOG_COMPILER_APPICON_NAME = AppIcon;
				ASSETCATALOG_COMPILER_LAUNCHIMAGE_NAME = LaunchImage;
				GCC_PRECOMPILE_PREFIX_HEADER = YES;
				GCC_PREFIX_HEADER = "ZombieConga/ZombieConga-Prefix.pch";
				INFOPLIST_FILE = "ZombieConga/ZombieConga-Info.plist";
				PRODUCT_NAME = "$(TARGET_NAME)";
				SPRITEKIT_TEXTURE_ATLAS_OUTPUT = YES;
				WRAPPER_EXTENSION = app;
			};
			name = Release;
		};
		9327434618CBC0F20018BA0B /* Debug */ = {
			isa = XCBuildConfiguration;
			buildSettings = {
				ARCHS = "$(ARCHS_STANDARD_INCLUDING_64_BIT)";
				BUNDLE_LOADER = "$(BUILT_PRODUCTS_DIR)/ZombieConga.app/ZombieConga";
				FRAMEWORK_SEARCH_PATHS = (
					"$(SDKROOT)/Developer/Library/Frameworks",
					"$(inherited)",
					"$(DEVELOPER_FRAMEWORKS_DIR)",
				);
				GCC_PRECOMPILE_PREFIX_HEADER = YES;
				GCC_PREFIX_HEADER = "ZombieConga/ZombieConga-Prefix.pch";
				GCC_PREPROCESSOR_DEFINITIONS = (
					"DEBUG=1",
					"$(inherited)",
				);
				INFOPLIST_FILE = "ZombieCongaTests/ZombieCongaTests-Info.plist";
				PRODUCT_NAME = "$(TARGET_NAME)";
				TEST_HOST = "$(BUNDLE_LOADER)";
				WRAPPER_EXTENSION = xctest;
			};
			name = Debug;
		};
		9327434718CBC0F20018BA0B /* Release */ = {
			isa = XCBuildConfiguration;
			buildSettings = {
				ARCHS = "$(ARCHS_STANDARD_INCLUDING_64_BIT)";
				BUNDLE_LOADER = "$(BUILT_PRODUCTS_DIR)/ZombieConga.app/ZombieConga";
				FRAMEWORK_SEARCH_PATHS = (
					"$(SDKROOT)/Developer/Library/Frameworks",
					"$(inherited)",
					"$(DEVELOPER_FRAMEWORKS_DIR)",
				);
				GCC_PRECOMPILE_PREFIX_HEADER = YES;
				GCC_PREFIX_HEADER = "ZombieConga/ZombieConga-Prefix.pch";
				INFOPLIST_FILE = "ZombieCongaTests/ZombieCongaTests-Info.plist";
				PRODUCT_NAME = "$(TARGET_NAME)";
				TEST_HOST = "$(BUNDLE_LOADER)";
				WRAPPER_EXTENSION = xctest;
			};
			name = Release;
		};
/* End XCBuildConfiguration section */

/* Begin XCConfigurationList section */
		9327430418CBC0F20018BA0B /* Build configuration list for PBXProject "ZombieConga" */ = {
			isa = XCConfigurationList;
			buildConfigurations = (
				9327434018CBC0F20018BA0B /* Debug */,
				9327434118CBC0F20018BA0B /* Release */,
			);
			defaultConfigurationIsVisible = 0;
			defaultConfigurationName = Release;
		};
		9327434218CBC0F20018BA0B /* Build configuration list for PBXNativeTarget "ZombieConga" */ = {
			isa = XCConfigurationList;
			buildConfigurations = (
				9327434318CBC0F20018BA0B /* Debug */,
				9327434418CBC0F20018BA0B /* Release */,
			);
			defaultConfigurationIsVisible = 0;
		};
		9327434518CBC0F20018BA0B /* Build configuration list for PBXNativeTarget "ZombieCongaTests" */ = {
			isa = XCConfigurationList;
			buildConfigurations = (
				9327434618CBC0F20018BA0B /* Debug */,
				9327434718CBC0F20018BA0B /* Release */,
			);
			defaultConfigurationIsVisible = 0;
		};
/* End XCConfigurationList section */
	};
	rootObject = 9327430118CBC0F20018BA0B /* Project object */;
}
